
Microsoft Visual Studio Solution File, Format Version 12.00
# Visual Studio 15
VisualStudioVersion = 15.0.27004.2010
MinimumVisualStudioVersion = 10.0.40219.1
Project("{FAE04EC0-301F-11D3-BF4B-00C04F79EFBC}") = "RetaguardaTelas", "RetaguardaTelas\RetaguardaTelas.csproj", "{C227EAB4-6816-4292-B71A-68CB69ACB846}"
EndProject
Project("{FAE04EC0-301F-11D3-BF4B-00C04F79EFBC}") = "CamadaDados", "CamadaDados\CamadaDados.csproj", "{04E6506C-7251-48AD-A1DC-42388D27E469}"
EndProject
Global
	GlobalSection(SolutionConfigurationPlatforms) = preSolution
		Debug|Any CPU = Debug|Any CPU
		Release|Any CPU = Release|Any CPU
	EndGlobalSection
	GlobalSection(ProjectConfigurationPlatforms) = postSolution
		{C227EAB4-6816-4292-B71A-68CB69ACB846}.Debug|Any CPU.ActiveCfg = Debug|Any CPU
		{C227EAB4-6816-4292-B71A-68CB69ACB846}.Debug|Any CPU.Build.0 = Debug|Any CPU
		{C227EAB4-6816-4292-B71A-68CB69ACB846}.Release|Any CPU.ActiveCfg = Release|Any CPU
		{C227EAB4-6816-4292-B71A-68CB69ACB846}.Release|Any CPU.Build.0 = Release|Any CPU
		{04E6506C-7251-48AD-A1DC-42388D27E469}.Debug|Any CPU.ActiveCfg = Debug|Any CPU
		{04E6506C-7251-48AD-A1DC-42388D27E469}.Debug|Any CPU.Build.0 = Debug|Any CPU
		{04E6506C-7251-48AD-A1DC-42388D27E469}.Release|Any CPU.ActiveCfg = Release|Any CPU
		{04E6506C-7251-48AD-A1DC-42388D27E469}.Release|Any CPU.Build.0 = Release|Any CPU
	EndGlobalSection
	GlobalSection(SolutionProperties) = preSolution
		HideSolutionNode = FALSE
	EndGlobalSection
	GlobalSection(ExtensibilityGlobals) = postSolution
		SolutionGuid = {D3404004-74DC-454C-993B-E9EFC07FAA2A}
	EndGlobalSection
EndGlobal
